version = 1
requires-python = ">=3.11"

[[package]]
name = "requests"
version = "2.31.0"
source = { registry = "https://pypi.org/simple" }
sdist = { url = "https://files.pythonhosted.org/packages/requests-2.31.0.tar.gz", hash = "sha256:942c5a758f98d790eaed1a29cb6eefc7ffb0d1cf7af05c3d2791656dbd6ad1e1" }

[[package]]
name = "my-local-lib"
version = "0.1.0"
source = { path = "../my-local-lib" }
