__metadata:
  version: 6
  cacheKey: 8

"lodash@npm:^4.17.21":
  version: 4.17.21
  resolution: "lodash@npm:4.17.21"
  checksum: 10/v2kDEe57lecTulaDIuNTPy3Ry4gLGJ6Z1O3vE1krgXZNrsQ+LFTGHVxVjcXPs17LhbZkFekkLKFiJCMSBB69A==
  languageName: node
  linkType: hard

"sharp@npm:^0.33.0":
  version: 0.33.0
  resolution: "sharp@npm:0.33.0"
  dependenciesMeta:
    node-gyp-rebuild:
      built: true
  checksum: 10/ghi789abc123ghi789abc123ghi789abc123ghi789abc123ghi789abc123ghi789==
  languageName: node
  linkType: hard
